
Microsoft Visual Studio Solution File, Format Version 12.00
# Visual Studio Version 17
VisualStudioVersion = 17.1.32228.430
MinimumVisualStudioVersion = 10.0.40219.1
Project("{9A19103F-16F7-4668-BE54-9A1E7A4F7556}") = "Exercicio01", "Exercicio01\Exercicio01.csproj", "{63D04FE2-F7EF-4F4E-B962-50DB30F35E7C}"
EndProject
Project("{9A19103F-16F7-4668-BE54-9A1E7A4F7556}") = "Exercicio02", "Exercicio02\Exercicio02.csproj", "{FB9241FA-B0B6-4F41-94D6-7284CDD7B23E}"
EndProject
Project("{9A19103F-16F7-4668-BE54-9A1E7A4F7556}") = "Exercicio03", "Exercicio03\Exercicio03.csproj", "{95B07BDF-184C-4C3E-B260-434735572690}"
EndProject
Project("{FAE04EC0-301F-11D3-BF4B-00C04F79EFBC}") = "Exercicio04", "Exercicio04\Exercicio04.csproj", "{787B3CB1-6E55-47D5-BF7D-53757A9DC57C}"
EndProject
Project("{FAE04EC0-301F-11D3-BF4B-00C04F79EFBC}") = "Exercicio05", "Exercicio05\Exercicio05.csproj", "{6D785DB9-13DE-4A98-B6BE-EE21941A62A9}"
EndProject
Project("{FAE04EC0-301F-11D3-BF4B-00C04F79EFBC}") = "Exercicio06", "Exercicio06\Exercicio06.csproj", "{38C62ADA-93F1-45F2-BB05-16C6306F85E0}"
EndProject
Global
	GlobalSection(SolutionConfigurationPlatforms) = preSolution
		Debug|Any CPU = Debug|Any CPU
		Release|Any CPU = Release|Any CPU
	EndGlobalSection
	GlobalSection(ProjectConfigurationPlatforms) = postSolution
		{63D04FE2-F7EF-4F4E-B962-50DB30F35E7C}.Debug|Any CPU.ActiveCfg = Debug|Any CPU
		{63D04FE2-F7EF-4F4E-B962-50DB30F35E7C}.Debug|Any CPU.Build.0 = Debug|Any CPU
		{63D04FE2-F7EF-4F4E-B962-50DB30F35E7C}.Release|Any CPU.ActiveCfg = Release|Any CPU
		{63D04FE2-F7EF-4F4E-B962-50DB30F35E7C}.Release|Any CPU.Build.0 = Release|Any CPU
		{FB9241FA-B0B6-4F41-94D6-7284CDD7B23E}.Debug|Any CPU.ActiveCfg = Debug|Any CPU
		{FB9241FA-B0B6-4F41-94D6-7284CDD7B23E}.Debug|Any CPU.Build.0 = Debug|Any CPU
		{FB9241FA-B0B6-4F41-94D6-7284CDD7B23E}.Release|Any CPU.ActiveCfg = Release|Any CPU
		{FB9241FA-B0B6-4F41-94D6-7284CDD7B23E}.Release|Any CPU.Build.0 = Release|Any CPU
		{95B07BDF-184C-4C3E-B260-434735572690}.Debug|Any CPU.ActiveCfg = Debug|Any CPU
		{95B07BDF-184C-4C3E-B260-434735572690}.Debug|Any CPU.Build.0 = Debug|Any CPU
		{95B07BDF-184C-4C3E-B260-434735572690}.Release|Any CPU.ActiveCfg = Release|Any CPU
		{95B07BDF-184C-4C3E-B260-434735572690}.Release|Any CPU.Build.0 = Release|Any CPU
		{787B3CB1-6E55-47D5-BF7D-53757A9DC57C}.Debug|Any CPU.ActiveCfg = Debug|Any CPU
		{787B3CB1-6E55-47D5-BF7D-53757A9DC57C}.Debug|Any CPU.Build.0 = Debug|Any CPU
		{787B3CB1-6E55-47D5-BF7D-53757A9DC57C}.Release|Any CPU.ActiveCfg = Release|Any CPU
		{787B3CB1-6E55-47D5-BF7D-53757A9DC57C}.Release|Any CPU.Build.0 = Release|Any CPU
		{6D785DB9-13DE-4A98-B6BE-EE21941A62A9}.Debug|Any CPU.ActiveCfg = Debug|Any CPU
		{6D785DB9-13DE-4A98-B6BE-EE21941A62A9}.Debug|Any CPU.Build.0 = Debug|Any CPU
		{6D785DB9-13DE-4A98-B6BE-EE21941A62A9}.Release|Any CPU.ActiveCfg = Release|Any CPU
		{6D785DB9-13DE-4A98-B6BE-EE21941A62A9}.Release|Any CPU.Build.0 = Release|Any CPU
		{38C62ADA-93F1-45F2-BB05-16C6306F85E0}.Debug|Any CPU.ActiveCfg = Debug|Any CPU
		{38C62ADA-93F1-45F2-BB05-16C6306F85E0}.Debug|Any CPU.Build.0 = Debug|Any CPU
		{38C62ADA-93F1-45F2-BB05-16C6306F85E0}.Release|Any CPU.ActiveCfg = Release|Any CPU
		{38C62ADA-93F1-45F2-BB05-16C6306F85E0}.Release|Any CPU.Build.0 = Release|Any CPU
	EndGlobalSection
	GlobalSection(SolutionProperties) = preSolution
		HideSolutionNode = FALSE
	EndGlobalSection
	GlobalSection(ExtensibilityGlobals) = postSolution
		SolutionGuid = {420B8E7E-18B4-4C2E-9B21-B122A3890906}
	EndGlobalSection
EndGlobal
